// !$*UTF8*$!
{
	archiveVersion = 1;
	classes = {
	};
	objectVersion = 48;
	objects = {

/* Begin PBXBuildFile section */
		407807F73433E8AC9637EC26 /* Pods_CmusRemote.framework in Frameworks */ = {isa = PBXBuildFile; fileRef = 1C81AD99B7C02D4071B68069 /* Pods_CmusRemote.framework */; };
		E81205162043ECC7003C1550 /* NavigationBarContainerViewController.swift in Sources */ = {isa = PBXBuildFile; fileRef = E81205152043ECC7003C1550 /* NavigationBarContainerViewController.swift */; };
		E81205182043F0B7003C1550 /* ListViewTab.swift in Sources */ = {isa = PBXBuildFile; fileRef = E81205172043F0B7003C1550 /* ListViewTab.swift */; };
		E8294BFA2046AA8E006A1008 /* StringUtils.mm in Sources */ = {isa = PBXBuildFile; fileRef = E8294BF92046AA8E006A1008 /* StringUtils.mm */; };
		E84D117B203BB6BA00E3C5E7 /* AppDelegate.swift in Sources */ = {isa = PBXBuildFile; fileRef = E84D117A203BB6BA00E3C5E7 /* AppDelegate.swift */; };
		E84D117D203BB6BA00E3C5E7 /* SignInViewController.swift in Sources */ = {isa = PBXBuildFile; fileRef = E84D117C203BB6BA00E3C5E7 /* SignInViewController.swift */; };
		E84D1180203BB6BA00E3C5E7 /* Main.storyboard in Resources */ = {isa = PBXBuildFile; fileRef = E84D117E203BB6BA00E3C5E7 /* Main.storyboard */; };
		E84D1182203BB6BA00E3C5E7 /* Assets.xcassets in Resources */ = {isa = PBXBuildFile; fileRef = E84D1181203BB6BA00E3C5E7 /* Assets.xcassets */; };
		E84D1185203BB6BA00E3C5E7 /* LaunchScreen.storyboard in Resources */ = {isa = PBXBuildFile; fileRef = E84D1183203BB6BA00E3C5E7 /* LaunchScreen.storyboard */; };
		E84D118D203BBF2200E3C5E7 /* Theme.swift in Sources */ = {isa = PBXBuildFile; fileRef = E84D118C203BBF2200E3C5E7 /* Theme.swift */; };
		E84D1195203C009A00E3C5E7 /* CmusRemoteSessionCore.mm in Sources */ = {isa = PBXBuildFile; fileRef = E84D1194203C009A00E3C5E7 /* CmusRemoteSessionCore.mm */; };
		E84D119A203C06AF00E3C5E7 /* RemoteViewController.swift in Sources */ = {isa = PBXBuildFile; fileRef = E84D1199203C06AF00E3C5E7 /* RemoteViewController.swift */; };
		E860E66220414413008DEB47 /* EventTarget.swift in Sources */ = {isa = PBXBuildFile; fileRef = E860E66120414413008DEB47 /* EventTarget.swift */; };
		E88229A8204B91ED00604620 /* PlayerViewTab.swift in Sources */ = {isa = PBXBuildFile; fileRef = E88229A7204B91ED00604620 /* PlayerViewTab.swift */; };
		E88229AA204B938300604620 /* PlayerViewController.swift in Sources */ = {isa = PBXBuildFile; fileRef = E88229A9204B938300604620 /* PlayerViewController.swift */; };
		E89A5B07203D5CD10032D09A /* CmusRemoteSession.swift in Sources */ = {isa = PBXBuildFile; fileRef = E89A5B06203D5CD10032D09A /* CmusRemoteSession.swift */; };
		E89CC8032042114F004C42B9 /* SessionErrorHandler.swift in Sources */ = {isa = PBXBuildFile; fileRef = E89CC8022042114F004C42B9 /* SessionErrorHandler.swift */; };
		E89CC80A20423D7C004C42B9 /* ScrollingContentViewController.swift in Sources */ = {isa = PBXBuildFile; fileRef = E89CC80920423D7C004C42B9 /* ScrollingContentViewController.swift */; };
		E8A9F4742043467300CA3EDC /* LibraryCollectionViewController.swift in Sources */ = {isa = PBXBuildFile; fileRef = E8A9F4732043467300CA3EDC /* LibraryCollectionViewController.swift */; };
		E8A9F47620434C2300CA3EDC /* SessionRegistrar.swift in Sources */ = {isa = PBXBuildFile; fileRef = E8A9F47520434C2300CA3EDC /* SessionRegistrar.swift */; };
		E8A9F4782043541900CA3EDC /* RemoteViewTab.swift in Sources */ = {isa = PBXBuildFile; fileRef = E8A9F4772043541900CA3EDC /* RemoteViewTab.swift */; };
		E8AC7C46203FF39500A3E34A /* MiniPlayerViewController.swift in Sources */ = {isa = PBXBuildFile; fileRef = E8AC7C45203FF39500A3E34A /* MiniPlayerViewController.swift */; };
		E8B5316520453F1B00A9D592 /* SearchHeaderView.swift in Sources */ = {isa = PBXBuildFile; fileRef = E8B5316420453F1B00A9D592 /* SearchHeaderView.swift */; };
		E8F87DA7203E92100076C243 /* CmusTypes.mm in Sources */ = {isa = PBXBuildFile; fileRef = E8F87DA6203E92100076C243 /* CmusTypes.mm */; };
		E8F87DAA203EBC5F0076C243 /* Persistence.swift in Sources */ = {isa = PBXBuildFile; fileRef = E8F87DA9203EBC5F0076C243 /* Persistence.swift */; };
/* End PBXBuildFile section */

/* Begin PBXFileReference section */
		1A0F045345486BB6A312A432 /* Pods-CmusRemote.debug.xcconfig */ = {isa = PBXFileReference; includeInIndex = 1; lastKnownFileType = text.xcconfig; name = "Pods-CmusRemote.debug.xcconfig"; path = "Pods/Target Support Files/Pods-CmusRemote/Pods-CmusRemote.debug.xcconfig"; sourceTree = "<group>"; };
		1C81AD99B7C02D4071B68069 /* Pods_CmusRemote.framework */ = {isa = PBXFileReference; explicitFileType = wrapper.framework; includeInIndex = 0; path = Pods_CmusRemote.framework; sourceTree = BUILT_PRODUCTS_DIR; };
		D1C43021849E95AD713188D8 /* Pods-CmusRemote.release.xcconfig */ = {isa = PBXFileReference; includeInIndex = 1; lastKnownFileType = text.xcconfig; name = "Pods-CmusRemote.release.xcconfig"; path = "Pods/Target Support Files/Pods-CmusRemote/Pods-CmusRemote.release.xcconfig"; sourceTree = "<group>"; };
		E81205152043ECC7003C1550 /* NavigationBarContainerViewController.swift */ = {isa = PBXFileReference; lastKnownFileType = sourcecode.swift; path = NavigationBarContainerViewController.swift; sourceTree = "<group>"; };
		E81205172043F0B7003C1550 /* ListViewTab.swift */ = {isa = PBXFileReference; lastKnownFileType = sourcecode.swift; path = ListViewTab.swift; sourceTree = "<group>"; };
		E8294BF82046A7BC006A1008 /* StringUtils.h */ = {isa = PBXFileReference; lastKnownFileType = sourcecode.c.h; path = StringUtils.h; sourceTree = "<group>"; };
		E8294BF92046AA8E006A1008 /* StringUtils.mm */ = {isa = PBXFileReference; lastKnownFileType = sourcecode.cpp.objcpp; path = StringUtils.mm; sourceTree = "<group>"; };
		E84D1177203BB6BA00E3C5E7 /* CmusRemote.app */ = {isa = PBXFileReference; explicitFileType = wrapper.application; includeInIndex = 0; path = CmusRemote.app; sourceTree = BUILT_PRODUCTS_DIR; };
		E84D117A203BB6BA00E3C5E7 /* AppDelegate.swift */ = {isa = PBXFileReference; lastKnownFileType = sourcecode.swift; path = AppDelegate.swift; sourceTree = "<group>"; };
		E84D117C203BB6BA00E3C5E7 /* SignInViewController.swift */ = {isa = PBXFileReference; lastKnownFileType = sourcecode.swift; path = SignInViewController.swift; sourceTree = "<group>"; };
		E84D117F203BB6BA00E3C5E7 /* Base */ = {isa = PBXFileReference; lastKnownFileType = file.storyboard; name = Base; path = Base.lproj/Main.storyboard; sourceTree = "<group>"; };
		E84D1181203BB6BA00E3C5E7 /* Assets.xcassets */ = {isa = PBXFileReference; lastKnownFileType = folder.assetcatalog; path = Assets.xcassets; sourceTree = "<group>"; };
		E84D1184203BB6BA00E3C5E7 /* Base */ = {isa = PBXFileReference; lastKnownFileType = file.storyboard; name = Base; path = Base.lproj/LaunchScreen.storyboard; sourceTree = "<group>"; };
		E84D1186203BB6BA00E3C5E7 /* Info.plist */ = {isa = PBXFileReference; lastKnownFileType = text.plist.xml; path = Info.plist; sourceTree = "<group>"; };
		E84D118C203BBF2200E3C5E7 /* Theme.swift */ = {isa = PBXFileReference; lastKnownFileType = sourcecode.swift; path = Theme.swift; sourceTree = "<group>"; };
		E84D1192203C009A00E3C5E7 /* CmusRemote-Bridging-Header.h */ = {isa = PBXFileReference; lastKnownFileType = sourcecode.c.h; path = "CmusRemote-Bridging-Header.h"; sourceTree = "<group>"; };
		E84D1193203C009A00E3C5E7 /* CmusRemoteSessionCore.h */ = {isa = PBXFileReference; lastKnownFileType = sourcecode.c.h; path = CmusRemoteSessionCore.h; sourceTree = "<group>"; };
		E84D1194203C009A00E3C5E7 /* CmusRemoteSessionCore.mm */ = {isa = PBXFileReference; lastKnownFileType = sourcecode.cpp.objcpp; path = CmusRemoteSessionCore.mm; sourceTree = "<group>"; };
		E84D1199203C06AF00E3C5E7 /* RemoteViewController.swift */ = {isa = PBXFileReference; lastKnownFileType = sourcecode.swift; path = RemoteViewController.swift; sourceTree = "<group>"; };
		E860E66120414413008DEB47 /* EventTarget.swift */ = {isa = PBXFileReference; lastKnownFileType = sourcecode.swift; path = EventTarget.swift; sourceTree = "<group>"; };
		E88229A7204B91ED00604620 /* PlayerViewTab.swift */ = {isa = PBXFileReference; lastKnownFileType = sourcecode.swift; path = PlayerViewTab.swift; sourceTree = "<group>"; };
		E88229A9204B938300604620 /* PlayerViewController.swift */ = {isa = PBXFileReference; lastKnownFileType = sourcecode.swift; path = PlayerViewController.swift; sourceTree = "<group>"; };
		E89A5B02203D4AEC0032D09A /* libcmusclient.a */ = {isa = PBXFileReference; lastKnownFileType = archive.ar; name = libcmusclient.a; path = "build/iPhoneOS/deps/cmus-client-cpp/lib/Release-iphoneos/libcmusclient.a"; sourceTree = "<group>"; };
		E89A5B04203D4AFC0032D09A /* libcmusclient.a */ = {isa = PBXFileReference; lastKnownFileType = archive.ar; name = libcmusclient.a; path = "build/iPhoneSimulator/deps/cmus-client-cpp/lib/Release-iphonesimulator/libcmusclient.a"; sourceTree = "<group>"; };
		E89A5B06203D5CD10032D09A /* CmusRemoteSession.swift */ = {isa = PBXFileReference; lastKnownFileType = sourcecode.swift; path = CmusRemoteSession.swift; sourceTree = "<group>"; };
		E89CC8022042114F004C42B9 /* SessionErrorHandler.swift */ = {isa = PBXFileReference; lastKnownFileType = sourcecode.swift; path = SessionErrorHandler.swift; sourceTree = "<group>"; };
		E89CC80920423D7C004C42B9 /* ScrollingContentViewController.swift */ = {isa = PBXFileReference; lastKnownFileType = sourcecode.swift; path = ScrollingContentViewController.swift; sourceTree = "<group>"; };
		E8A9F4732043467300CA3EDC /* LibraryCollectionViewController.swift */ = {isa = PBXFileReference; lastKnownFileType = sourcecode.swift; path = LibraryCollectionViewController.swift; sourceTree = "<group>"; };
		E8A9F47520434C2300CA3EDC /* SessionRegistrar.swift */ = {isa = PBXFileReference; lastKnownFileType = sourcecode.swift; path = SessionRegistrar.swift; sourceTree = "<group>"; };
		E8A9F4772043541900CA3EDC /* RemoteViewTab.swift */ = {isa = PBXFileReference; lastKnownFileType = sourcecode.swift; path = RemoteViewTab.swift; sourceTree = "<group>"; };
		E8AC7C45203FF39500A3E34A /* MiniPlayerViewController.swift */ = {isa = PBXFileReference; lastKnownFileType = sourcecode.swift; path = MiniPlayerViewController.swift; sourceTree = "<group>"; };
		E8B5316420453F1B00A9D592 /* SearchHeaderView.swift */ = {isa = PBXFileReference; lastKnownFileType = sourcecode.swift; path = SearchHeaderView.swift; sourceTree = "<group>"; };
		E8F87DA5203E92100076C243 /* CmusTypes.h */ = {isa = PBXFileReference; lastKnownFileType = sourcecode.c.h; path = CmusTypes.h; sourceTree = "<group>"; };
		E8F87DA6203E92100076C243 /* CmusTypes.mm */ = {isa = PBXFileReference; lastKnownFileType = sourcecode.cpp.objcpp; path = CmusTypes.mm; sourceTree = "<group>"; };
		E8F87DA8203E97330076C243 /* CmusTypes+ObjCpp.h */ = {isa = PBXFileReference; lastKnownFileType = sourcecode.c.h; path = "CmusTypes+ObjCpp.h"; sourceTree = "<group>"; };
		E8F87DA9203EBC5F0076C243 /* Persistence.swift */ = {isa = PBXFileReference; lastKnownFileType = sourcecode.swift; path = Persistence.swift; sourceTree = "<group>"; };
/* End PBXFileReference section */

/* Begin PBXFrameworksBuildPhase section */
		E84D1174203BB6BA00E3C5E7 /* Frameworks */ = {
			isa = PBXFrameworksBuildPhase;
			buildActionMask = 2147483647;
			files = (
				407807F73433E8AC9637EC26 /* Pods_CmusRemote.framework in Frameworks */,
			);
			runOnlyForDeploymentPostprocessing = 0;
		};
/* End PBXFrameworksBuildPhase section */

/* Begin PBXGroup section */
		18C11B8F0CC6C315C24B3E31 /* Frameworks */ = {
			isa = PBXGroup;
			children = (
				E89A5B02203D4AEC0032D09A /* libcmusclient.a */,
				E89A5B04203D4AFC0032D09A /* libcmusclient.a */,
				1C81AD99B7C02D4071B68069 /* Pods_CmusRemote.framework */,
			);
			name = Frameworks;
			sourceTree = "<group>";
		};
		99F2DD4A311131C8D9220ABA /* Pods */ = {
			isa = PBXGroup;
			children = (
				1A0F045345486BB6A312A432 /* Pods-CmusRemote.debug.xcconfig */,
				D1C43021849E95AD713188D8 /* Pods-CmusRemote.release.xcconfig */,
			);
			name = Pods;
			sourceTree = "<group>";
		};
		E84D116E203BB6BA00E3C5E7 = {
			isa = PBXGroup;
			children = (
				E84D1179203BB6BA00E3C5E7 /* CmusRemote */,
				E84D1178203BB6BA00E3C5E7 /* Products */,
				99F2DD4A311131C8D9220ABA /* Pods */,
				18C11B8F0CC6C315C24B3E31 /* Frameworks */,
			);
			sourceTree = "<group>";
		};
		E84D1178203BB6BA00E3C5E7 /* Products */ = {
			isa = PBXGroup;
			children = (
				E84D1177203BB6BA00E3C5E7 /* CmusRemote.app */,
			);
			name = Products;
			sourceTree = "<group>";
		};
		E84D1179203BB6BA00E3C5E7 /* CmusRemote */ = {
			isa = PBXGroup;
			children = (
				E89CC80620422BB4004C42B9 /* SignIn */,
				E89CC80520422B74004C42B9 /* Remote */,
				E89CC80420422B25004C42B9 /* Base */,
				E860E66020414351008DEB47 /* Facade */,
				E84D117A203BB6BA00E3C5E7 /* AppDelegate.swift */,
				E84D117E203BB6BA00E3C5E7 /* Main.storyboard */,
				E84D1181203BB6BA00E3C5E7 /* Assets.xcassets */,
				E84D1183203BB6BA00E3C5E7 /* LaunchScreen.storyboard */,
				E84D1186203BB6BA00E3C5E7 /* Info.plist */,
				E84D1192203C009A00E3C5E7 /* CmusRemote-Bridging-Header.h */,
			);
			path = CmusRemote;
			sourceTree = "<group>";
		};
		E860E66020414351008DEB47 /* Facade */ = {
			isa = PBXGroup;
			children = (
				E84D1193203C009A00E3C5E7 /* CmusRemoteSessionCore.h */,
				E84D1194203C009A00E3C5E7 /* CmusRemoteSessionCore.mm */,
				E89A5B06203D5CD10032D09A /* CmusRemoteSession.swift */,
				E8F87DA5203E92100076C243 /* CmusTypes.h */,
				E8F87DA6203E92100076C243 /* CmusTypes.mm */,
				E8F87DA8203E97330076C243 /* CmusTypes+ObjCpp.h */,
				E8294BF82046A7BC006A1008 /* StringUtils.h */,
				E8294BF92046AA8E006A1008 /* StringUtils.mm */,
			);
			path = Facade;
			sourceTree = "<group>";
		};
		E88229A6204B90EC00604620 /* Player */ = {
			isa = PBXGroup;
			children = (
				E88229A7204B91ED00604620 /* PlayerViewTab.swift */,
				E88229A9204B938300604620 /* PlayerViewController.swift */,
			);
			path = Player;
			sourceTree = "<group>";
		};
		E89CC80420422B25004C42B9 /* Base */ = {
			isa = PBXGroup;
			children = (
				E860E66120414413008DEB47 /* EventTarget.swift */,
				E89CC8022042114F004C42B9 /* SessionErrorHandler.swift */,
				E84D118C203BBF2200E3C5E7 /* Theme.swift */,
				E8F87DA9203EBC5F0076C243 /* Persistence.swift */,
				E8A9F47520434C2300CA3EDC /* SessionRegistrar.swift */,
			);
			path = Base;
			sourceTree = "<group>";
		};
		E89CC80520422B74004C42B9 /* Remote */ = {
			isa = PBXGroup;
			children = (
				E88229A6204B90EC00604620 /* Player */,
				E8A9F47020433E2900CA3EDC /* List */,
				E84D1199203C06AF00E3C5E7 /* RemoteViewController.swift */,
				E8AC7C45203FF39500A3E34A /* MiniPlayerViewController.swift */,
				E89CC80920423D7C004C42B9 /* ScrollingContentViewController.swift */,
				E8A9F4772043541900CA3EDC /* RemoteViewTab.swift */,
			);
			path = Remote;
			sourceTree = "<group>";
		};
		E89CC80620422BB4004C42B9 /* SignIn */ = {
			isa = PBXGroup;
			children = (
				E84D117C203BB6BA00E3C5E7 /* SignInViewController.swift */,
			);
			path = SignIn;
			sourceTree = "<group>";
		};
		E8A9F47020433E2900CA3EDC /* List */ = {
			isa = PBXGroup;
			children = (
				E8A9F4732043467300CA3EDC /* LibraryCollectionViewController.swift */,
				E81205152043ECC7003C1550 /* NavigationBarContainerViewController.swift */,
				E81205172043F0B7003C1550 /* ListViewTab.swift */,
				E8B5316420453F1B00A9D592 /* SearchHeaderView.swift */,
			);
			path = List;
			sourceTree = "<group>";
		};
/* End PBXGroup section */

/* Begin PBXNativeTarget section */
		E84D1176203BB6BA00E3C5E7 /* CmusRemote */ = {
			isa = PBXNativeTarget;
			buildConfigurationList = E84D1189203BB6BA00E3C5E7 /* Build configuration list for PBXNativeTarget "CmusRemote" */;
			buildPhases = (
				E197F822E9AFAFF90C6D2A53 /* [CP] Check Pods Manifest.lock */,
				E84D1173203BB6BA00E3C5E7 /* Sources */,
				E84D1174203BB6BA00E3C5E7 /* Frameworks */,
				E84D1175203BB6BA00E3C5E7 /* Resources */,
				E79D7166004C0150EF8926DD /* [CP] Embed Pods Frameworks */,
				AB62CCA1BD15DCB9299F3C2F /* [CP] Copy Pods Resources */,
			);
			buildRules = (
			);
			dependencies = (
			);
			name = CmusRemote;
			productName = CmusRemote;
			productReference = E84D1177203BB6BA00E3C5E7 /* CmusRemote.app */;
			productType = "com.apple.product-type.application";
		};
/* End PBXNativeTarget section */

/* Begin PBXProject section */
		E84D116F203BB6BA00E3C5E7 /* Project object */ = {
			isa = PBXProject;
			attributes = {
				LastSwiftUpdateCheck = 0920;
				LastUpgradeCheck = 0920;
				ORGANIZATIONNAME = "Yuwei Huang";
				TargetAttributes = {
					E84D1176203BB6BA00E3C5E7 = {
						CreatedOnToolsVersion = 9.2;
						LastSwiftMigration = 0920;
						ProvisioningStyle = Automatic;
					};
				};
			};
			buildConfigurationList = E84D1172203BB6BA00E3C5E7 /* Build configuration list for PBXProject "CmusRemote" */;
			compatibilityVersion = "Xcode 8.0";
			developmentRegion = en;
			hasScannedForEncodings = 0;
			knownRegions = (
				en,
				Base,
			);
			mainGroup = E84D116E203BB6BA00E3C5E7;
			productRefGroup = E84D1178203BB6BA00E3C5E7 /* Products */;
			projectDirPath = "";
			projectRoot = "";
			targets = (
				E84D1176203BB6BA00E3C5E7 /* CmusRemote */,
			);
		};
/* End PBXProject section */

/* Begin PBXResourcesBuildPhase section */
		E84D1175203BB6BA00E3C5E7 /* Resources */ = {
			isa = PBXResourcesBuildPhase;
			buildActionMask = 2147483647;
			files = (
				E84D1185203BB6BA00E3C5E7 /* LaunchScreen.storyboard in Resources */,
				E84D1182203BB6BA00E3C5E7 /* Assets.xcassets in Resources */,
				E84D1180203BB6BA00E3C5E7 /* Main.storyboard in Resources */,
			);
			runOnlyForDeploymentPostprocessing = 0;
		};
/* End PBXResourcesBuildPhase section */

/* Begin PBXShellScriptBuildPhase section */
		AB62CCA1BD15DCB9299F3C2F /* [CP] Copy Pods Resources */ = {
			isa = PBXShellScriptBuildPhase;
			buildActionMask = 2147483647;
			files = (
			);
			inputPaths = (
			);
			name = "[CP] Copy Pods Resources";
			outputPaths = (
			);
			runOnlyForDeploymentPostprocessing = 0;
			shellPath = /bin/sh;
			shellScript = "\"${SRCROOT}/Pods/Target Support Files/Pods-CmusRemote/Pods-CmusRemote-resources.sh\"\n";
			showEnvVarsInLog = 0;
		};
		E197F822E9AFAFF90C6D2A53 /* [CP] Check Pods Manifest.lock */ = {
			isa = PBXShellScriptBuildPhase;
			buildActionMask = 2147483647;
			files = (
			);
			inputPaths = (
				"${PODS_PODFILE_DIR_PATH}/Podfile.lock",
				"${PODS_ROOT}/Manifest.lock",
			);
			name = "[CP] Check Pods Manifest.lock";
			outputPaths = (
				"$(DERIVED_FILE_DIR)/Pods-CmusRemote-checkManifestLockResult.txt",
			);
			runOnlyForDeploymentPostprocessing = 0;
			shellPath = /bin/sh;
			shellScript = "diff \"${PODS_PODFILE_DIR_PATH}/Podfile.lock\" \"${PODS_ROOT}/Manifest.lock\" > /dev/null\nif [ $? != 0 ] ; then\n    # print error to STDERR\n    echo \"error: The sandbox is not in sync with the Podfile.lock. Run 'pod install' or update your CocoaPods installation.\" >&2\n    exit 1\nfi\n# This output is used by Xcode 'outputs' to avoid re-running this script phase.\necho \"SUCCESS\" > \"${SCRIPT_OUTPUT_FILE_0}\"\n";
			showEnvVarsInLog = 0;
		};
		E79D7166004C0150EF8926DD /* [CP] Embed Pods Frameworks */ = {
			isa = PBXShellScriptBuildPhase;
			buildActionMask = 2147483647;
			files = (
			);
			inputPaths = (
				"${SRCROOT}/Pods/Target Support Files/Pods-CmusRemote/Pods-CmusRemote-frameworks.sh",
				"${BUILT_PRODUCTS_DIR}/MDFInternationalization/MDFInternationalization.framework",
				"${BUILT_PRODUCTS_DIR}/MDFTextAccessibility/MDFTextAccessibility.framework",
				"${BUILT_PRODUCTS_DIR}/MaterialComponents/MaterialComponents.framework",
				"${BUILT_PRODUCTS_DIR}/MotionAnimator/MotionAnimator.framework",
				"${BUILT_PRODUCTS_DIR}/MotionInterchange/MotionInterchange.framework",
				"${BUILT_PRODUCTS_DIR}/MotionTransitioning/MotionTransitioning.framework",
				"${BUILT_PRODUCTS_DIR}/PromiseKit/PromiseKit.framework",
			);
			name = "[CP] Embed Pods Frameworks";
			outputPaths = (
				"${TARGET_BUILD_DIR}/${FRAMEWORKS_FOLDER_PATH}/MDFInternationalization.framework",
				"${TARGET_BUILD_DIR}/${FRAMEWORKS_FOLDER_PATH}/MDFTextAccessibility.framework",
				"${TARGET_BUILD_DIR}/${FRAMEWORKS_FOLDER_PATH}/MaterialComponents.framework",
				"${TARGET_BUILD_DIR}/${FRAMEWORKS_FOLDER_PATH}/MotionAnimator.framework",
				"${TARGET_BUILD_DIR}/${FRAMEWORKS_FOLDER_PATH}/MotionInterchange.framework",
				"${TARGET_BUILD_DIR}/${FRAMEWORKS_FOLDER_PATH}/MotionTransitioning.framework",
				"${TARGET_BUILD_DIR}/${FRAMEWORKS_FOLDER_PATH}/PromiseKit.framework",
			);
			runOnlyForDeploymentPostprocessing = 0;
			shellPath = /bin/sh;
			shellScript = "\"${SRCROOT}/Pods/Target Support Files/Pods-CmusRemote/Pods-CmusRemote-frameworks.sh\"\n";
			showEnvVarsInLog = 0;
		};
/* End PBXShellScriptBuildPhase section */

/* Begin PBXSourcesBuildPhase section */
		E84D1173203BB6BA00E3C5E7 /* Sources */ = {
			isa = PBXSourcesBuildPhase;
			buildActionMask = 2147483647;
			files = (
				E8294BFA2046AA8E006A1008 /* StringUtils.mm in Sources */,
				E88229A8204B91ED00604620 /* PlayerViewTab.swift in Sources */,
				E8A9F4742043467300CA3EDC /* LibraryCollectionViewController.swift in Sources */,
				E84D118D203BBF2200E3C5E7 /* Theme.swift in Sources */,
				E8F87DAA203EBC5F0076C243 /* Persistence.swift in Sources */,
				E8AC7C46203FF39500A3E34A /* MiniPlayerViewController.swift in Sources */,
				E81205162043ECC7003C1550 /* NavigationBarContainerViewController.swift in Sources */,
				E84D119A203C06AF00E3C5E7 /* RemoteViewController.swift in Sources */,
				E89A5B07203D5CD10032D09A /* CmusRemoteSession.swift in Sources */,
				E860E66220414413008DEB47 /* EventTarget.swift in Sources */,
				E81205182043F0B7003C1550 /* ListViewTab.swift in Sources */,
				E84D117D203BB6BA00E3C5E7 /* SignInViewController.swift in Sources */,
				E8F87DA7203E92100076C243 /* CmusTypes.mm in Sources */,
				E8A9F47620434C2300CA3EDC /* SessionRegistrar.swift in Sources */,
				E89CC80A20423D7C004C42B9 /* ScrollingContentViewController.swift in Sources */,
				E84D1195203C009A00E3C5E7 /* CmusRemoteSessionCore.mm in Sources */,
				E8A9F4782043541900CA3EDC /* RemoteViewTab.swift in Sources */,
				E88229AA204B938300604620 /* PlayerViewController.swift in Sources */,
				E84D117B203BB6BA00E3C5E7 /* AppDelegate.swift in Sources */,
				E89CC8032042114F004C42B9 /* SessionErrorHandler.swift in Sources */,
				E8B5316520453F1B00A9D592 /* SearchHeaderView.swift in Sources */,
			);
			runOnlyForDeploymentPostprocessing = 0;
		};
/* End PBXSourcesBuildPhase section */

/* Begin PBXVariantGroup section */
		E84D117E203BB6BA00E3C5E7 /* Main.storyboard */ = {
			isa = PBXVariantGroup;
			children = (
				E84D117F203BB6BA00E3C5E7 /* Base */,
			);
			name = Main.storyboard;
			sourceTree = "<group>";
		};
		E84D1183203BB6BA00E3C5E7 /* LaunchScreen.storyboard */ = {
			isa = PBXVariantGroup;
			children = (
				E84D1184203BB6BA00E3C5E7 /* Base */,
			);
			name = LaunchScreen.storyboard;
			sourceTree = "<group>";
		};
/* End PBXVariantGroup section */

/* Begin XCBuildConfiguration section */
		E84D1187203BB6BA00E3C5E7 /* Debug */ = {
			isa = XCBuildConfiguration;
			buildSettings = {
				ALWAYS_SEARCH_USER_PATHS = NO;
				CLANG_ANALYZER_NONNULL = YES;
				CLANG_ANALYZER_NUMBER_OBJECT_CONVERSION = YES_AGGRESSIVE;
				CLANG_CXX_LANGUAGE_STANDARD = "gnu++14";
				CLANG_CXX_LIBRARY = "libc++";
				CLANG_ENABLE_MODULES = YES;
				CLANG_ENABLE_OBJC_ARC = YES;
				CLANG_WARN_BLOCK_CAPTURE_AUTORELEASING = YES;
				CLANG_WARN_BOOL_CONVERSION = YES;
				CLANG_WARN_COMMA = YES;
				CLANG_WARN_CONSTANT_CONVERSION = YES;
				CLANG_WARN_DIRECT_OBJC_ISA_USAGE = YES_ERROR;
				CLANG_WARN_DOCUMENTATION_COMMENTS = YES;
				CLANG_WARN_EMPTY_BODY = YES;
				CLANG_WARN_ENUM_CONVERSION = YES;
				CLANG_WARN_INFINITE_RECURSION = YES;
				CLANG_WARN_INT_CONVERSION = YES;
				CLANG_WARN_NON_LITERAL_NULL_CONVERSION = YES;
				CLANG_WARN_OBJC_LITERAL_CONVERSION = YES;
				CLANG_WARN_OBJC_ROOT_CLASS = YES_ERROR;
				CLANG_WARN_RANGE_LOOP_ANALYSIS = YES;
				CLANG_WARN_STRICT_PROTOTYPES = YES;
				CLANG_WARN_SUSPICIOUS_MOVE = YES;
				CLANG_WARN_UNGUARDED_AVAILABILITY = YES_AGGRESSIVE;
				CLANG_WARN_UNREACHABLE_CODE = YES;
				CLANG_WARN__DUPLICATE_METHOD_MATCH = YES;
				CODE_SIGN_IDENTITY = "iPhone Developer";
				COPY_PHASE_STRIP = NO;
				DEBUG_INFORMATION_FORMAT = dwarf;
				ENABLE_STRICT_OBJC_MSGSEND = YES;
				ENABLE_TESTABILITY = YES;
				GCC_C_LANGUAGE_STANDARD = gnu11;
				GCC_DYNAMIC_NO_PIC = NO;
				GCC_NO_COMMON_BLOCKS = YES;
				GCC_OPTIMIZATION_LEVEL = 0;
				GCC_PREPROCESSOR_DEFINITIONS = (
					"DEBUG=1",
					"$(inherited)",
				);
				GCC_WARN_64_TO_32_BIT_CONVERSION = YES;
				GCC_WARN_ABOUT_RETURN_TYPE = YES_ERROR;
				GCC_WARN_UNDECLARED_SELECTOR = YES;
				GCC_WARN_UNINITIALIZED_AUTOS = YES_AGGRESSIVE;
				GCC_WARN_UNUSED_FUNCTION = YES;
				GCC_WARN_UNUSED_VARIABLE = YES;
				IPHONEOS_DEPLOYMENT_TARGET = 11.2;
				MTL_ENABLE_DEBUG_INFO = YES;
				ONLY_ACTIVE_ARCH = YES;
				SDKROOT = iphoneos;
				SWIFT_ACTIVE_COMPILATION_CONDITIONS = DEBUG;
				SWIFT_OPTIMIZATION_LEVEL = "-Onone";
			};
			name = Debug;
		};
		E84D1188203BB6BA00E3C5E7 /* Release */ = {
			isa = XCBuildConfiguration;
			buildSettings = {
				ALWAYS_SEARCH_USER_PATHS = NO;
				CLANG_ANALYZER_NONNULL = YES;
				CLANG_ANALYZER_NUMBER_OBJECT_CONVERSION = YES_AGGRESSIVE;
				CLANG_CXX_LANGUAGE_STANDARD = "gnu++14";
				CLANG_CXX_LIBRARY = "libc++";
				CLANG_ENABLE_MODULES = YES;
				CLANG_ENABLE_OBJC_ARC = YES;
				CLANG_WARN_BLOCK_CAPTURE_AUTORELEASING = YES;
				CLANG_WARN_BOOL_CONVERSION = YES;
				CLANG_WARN_COMMA = YES;
				CLANG_WARN_CONSTANT_CONVERSION = YES;
				CLANG_WARN_DIRECT_OBJC_ISA_USAGE = YES_ERROR;
				CLANG_WARN_DOCUMENTATION_COMMENTS = YES;
				CLANG_WARN_EMPTY_BODY = YES;
				CLANG_WARN_ENUM_CONVERSION = YES;
				CLANG_WARN_INFINITE_RECURSION = YES;
				CLANG_WARN_INT_CONVERSION = YES;
				CLANG_WARN_NON_LITERAL_NULL_CONVERSION = YES;
				CLANG_WARN_OBJC_LITERAL_CONVERSION = YES;
				CLANG_WARN_OBJC_ROOT_CLASS = YES_ERROR;
				CLANG_WARN_RANGE_LOOP_ANALYSIS = YES;
				CLANG_WARN_STRICT_PROTOTYPES = YES;
				CLANG_WARN_SUSPICIOUS_MOVE = YES;
				CLANG_WARN_UNGUARDED_AVAILABILITY = YES_AGGRESSIVE;
				CLANG_WARN_UNREACHABLE_CODE = YES;
				CLANG_WARN__DUPLICATE_METHOD_MATCH = YES;
				CODE_SIGN_IDENTITY = "iPhone Developer";
				COPY_PHASE_STRIP = NO;
				DEBUG_INFORMATION_FORMAT = "dwarf-with-dsym";
				ENABLE_NS_ASSERTIONS = NO;
				ENABLE_STRICT_OBJC_MSGSEND = YES;
				GCC_C_LANGUAGE_STANDARD = gnu11;
				GCC_NO_COMMON_BLOCKS = YES;
				GCC_WARN_64_TO_32_BIT_CONVERSION = YES;
				GCC_WARN_ABOUT_RETURN_TYPE = YES_ERROR;
				GCC_WARN_UNDECLARED_SELECTOR = YES;
				GCC_WARN_UNINITIALIZED_AUTOS = YES_AGGRESSIVE;
				GCC_WARN_UNUSED_FUNCTION = YES;
				GCC_WARN_UNUSED_VARIABLE = YES;
				IPHONEOS_DEPLOYMENT_TARGET = 11.2;
				MTL_ENABLE_DEBUG_INFO = NO;
				SDKROOT = iphoneos;
				SWIFT_OPTIMIZATION_LEVEL = "-Owholemodule";
				VALIDATE_PRODUCT = YES;
			};
			name = Release;
		};
		E84D118A203BB6BA00E3C5E7 /* Debug */ = {
			isa = XCBuildConfiguration;
			baseConfigurationReference = 1A0F045345486BB6A312A432 /* Pods-CmusRemote.debug.xcconfig */;
			buildSettings = {
				ASSETCATALOG_COMPILER_APPICON_NAME = AppIcon;
				CLANG_ENABLE_MODULES = YES;
				CODE_SIGN_STYLE = Automatic;
				DEVELOPMENT_TEAM = FCFA5XW296;
				INFOPLIST_FILE = CmusRemote/Info.plist;
				LD_RUNPATH_SEARCH_PATHS = "$(inherited) @executable_path/Frameworks";
				LIBRARY_SEARCH_PATHS = "$(inherited)";
				"LIBRARY_SEARCH_PATHS[sdk=iphoneos*]" = (
					"$(inherited)",
					"$(PROJECT_DIR)/build/lib/iPhoneOS",
				);
				"LIBRARY_SEARCH_PATHS[sdk=iphonesimulator*]" = (
					"$(inherited)",
					"$(PROJECT_DIR)/build/lib/iPhoneSimulator",
				);
				OTHER_LDFLAGS = (
					"$(inherited)",
					"-framework",
					"\"MDFInternationalization\"",
					"-framework",
					"\"MDFTextAccessibility\"",
					"-framework",
					"\"MaterialComponents\"",
					"-framework",
					"\"MotionAnimator\"",
					"-framework",
					"\"MotionInterchange\"",
					"-framework",
					"\"MotionTransitioning\"",
					"-lcmusclient",
				);
				PRODUCT_BUNDLE_IDENTIFIER = im.yuwei.CmusRemote;
				PRODUCT_NAME = "$(TARGET_NAME)";
				SWIFT_OBJC_BRIDGING_HEADER = "CmusRemote/CmusRemote-Bridging-Header.h";
				SWIFT_OPTIMIZATION_LEVEL = "-Onone";
				SWIFT_VERSION = 4.0;
				TARGETED_DEVICE_FAMILY = "1,2";
			};
			name = Debug;
		};
		E84D118B203BB6BA00E3C5E7 /* Release */ = {
			isa = XCBuildConfiguration;
			baseConfigurationReference = D1C43021849E95AD713188D8 /* Pods-CmusRemote.release.xcconfig */;
			buildSettings = {
				ASSETCATALOG_COMPILER_APPICON_NAME = AppIcon;
				CLANG_ENABLE_MODULES = YES;
				CODE_SIGN_STYLE = Automatic;
				DEVELOPMENT_TEAM = FCFA5XW296;
				INFOPLIST_FILE = CmusRemote/Info.plist;
				LD_RUNPATH_SEARCH_PATHS = "$(inherited) @executable_path/Frameworks";
				LIBRARY_SEARCH_PATHS = "$(inherited)";
				"LIBRARY_SEARCH_PATHS[sdk=iphoneos*]" = (
					"$(inherited)",
					"$(PROJECT_DIR)/build/lib/iPhoneOS",
				);
				"LIBRARY_SEARCH_PATHS[sdk=iphonesimulator*]" = (
					"$(inherited)",
					"$(PROJECT_DIR)/build/lib/iPhoneSimulator",
				);
				OTHER_LDFLAGS = (
					"$(inherited)",
					"-framework",
					"\"MDFInternationalization\"",
					"-framework",
					"\"MDFTextAccessibility\"",
					"-framework",
					"\"MaterialComponents\"",
					"-framework",
					"\"MotionAnimator\"",
					"-framework",
					"\"MotionInterchange\"",
					"-framework",
					"\"MotionTransitioning\"",
					"-lcmusclient",
				);
				PRODUCT_BUNDLE_IDENTIFIER = im.yuwei.CmusRemote;
				PRODUCT_NAME = "$(TARGET_NAME)";
				SWIFT_OBJC_BRIDGING_HEADER = "CmusRemote/CmusRemote-Bridging-Header.h";
				SWIFT_VERSION = 4.0;
				TARGETED_DEVICE_FAMILY = "1,2";
			};
			name = Release;
		};
/* End XCBuildConfiguration section */

/* Begin XCConfigurationList section */
		E84D1172203BB6BA00E3C5E7 /* Build configuration list for PBXProject "CmusRemote" */ = {
			isa = XCConfigurationList;
			buildConfigurations = (
				E84D1187203BB6BA00E3C5E7 /* Debug */,
				E84D1188203BB6BA00E3C5E7 /* Release */,
			);
			defaultConfigurationIsVisible = 0;
			defaultConfigurationName = Release;
		};
		E84D1189203BB6BA00E3C5E7 /* Build configuration list for PBXNativeTarget "CmusRemote" */ = {
			isa = XCConfigurationList;
			buildConfigurations = (
				E84D118A203BB6BA00E3C5E7 /* Debug */,
				E84D118B203BB6BA00E3C5E7 /* Release */,
			);
			defaultConfigurationIsVisible = 0;
			defaultConfigurationName = Release;
		};
/* End XCConfigurationList section */
	};
	rootObject = E84D116F203BB6BA00E3C5E7 /* Project object */;
}
